
Microsoft Visual Studio Solution File, Format Version 12.00
# Visual Studio 15
VisualStudioVersion = 15.0.27004.2008
MinimumVisualStudioVersion = 10.0.40219.1
Project("{FAE04EC0-301F-11D3-BF4B-00C04F79EFBC}") = "DingtalkRobotSdk", "DingtalkRobotSdk\DingtalkRobotSdk.csproj", "{6A13B5A9-DE71-4A00-97C8-345EB60BA1A8}"
EndProject
Project("{FAE04EC0-301F-11D3-BF4B-00C04F79EFBC}") = "DingtalkRobotSdk.Test", "DingtalkRobotSdk.Test\DingtalkRobotSdk.Test.csproj", "{6BBFF331-6E49-44D2-A69B-9416D1198BB9}"
EndProject
Global
	GlobalSection(SolutionConfigurationPlatforms) = preSolution
		Debug|Any CPU = Debug|Any CPU
		Release|Any CPU = Release|Any CPU
	EndGlobalSection
	GlobalSection(ProjectConfigurationPlatforms) = postSolution
		{6A13B5A9-DE71-4A00-97C8-345EB60BA1A8}.Debug|Any CPU.ActiveCfg = Debug|Any CPU
		{6A13B5A9-DE71-4A00-97C8-345EB60BA1A8}.Debug|Any CPU.Build.0 = Debug|Any CPU
		{6A13B5A9-DE71-4A00-97C8-345EB60BA1A8}.Release|Any CPU.ActiveCfg = Release|Any CPU
		{6A13B5A9-DE71-4A00-97C8-345EB60BA1A8}.Release|Any CPU.Build.0 = Release|Any CPU
		{6BBFF331-6E49-44D2-A69B-9416D1198BB9}.Debug|Any CPU.ActiveCfg = Debug|Any CPU
		{6BBFF331-6E49-44D2-A69B-9416D1198BB9}.Debug|Any CPU.Build.0 = Debug|Any CPU
		{6BBFF331-6E49-44D2-A69B-9416D1198BB9}.Release|Any CPU.ActiveCfg = Release|Any CPU
		{6BBFF331-6E49-44D2-A69B-9416D1198BB9}.Release|Any CPU.Build.0 = Release|Any CPU
	EndGlobalSection
	GlobalSection(SolutionProperties) = preSolution
		HideSolutionNode = FALSE
	EndGlobalSection
	GlobalSection(ExtensibilityGlobals) = postSolution
		SolutionGuid = {DE8E030E-C0A6-418B-8E49-9EC6CCFA2B74}
	EndGlobalSection
EndGlobal
